{
  "name": "agents-portfolio",
  "lockfileVersion": 3,
  "requires": true,
  "packages": {
    "": {
      "dependencies": {
        "@remotion/player": "^4.0.421",
        "remotion": "^4.0.421"
      }
    },
    "node_modules/@remotion/player": {
      "version": "4.0.421",
      "resolved": "https://registry.npmjs.org/@remotion/player/-/player-4.0.421.tgz",
      "integrity": "sha512-vZrvvl3OMmxsmIk+vqUOrcbLpNUL0Q1JIWdqcgNt0d3Jn0mK6fYCDBnAHuhiltuMSqHBguUaQL4eWbceDBsm2g==",
      "license": "SEE LICENSE IN LICENSE.md",
      "dependencies": {
        "remotion": "4.0.421"
      },
      "peerDependencies": {
        "react": ">=16.8.0",
        "react-dom": ">=16.8.0"
      }
    },
    "node_modules/react": {
      "version": "19.2.4",
      "resolved": "https://registry.npmjs.org/react/-/react-19.2.4.tgz",
      "integrity": "sha512-9nfp2hYpCwOjAN+8TZFGhtWEwgvWHXqESH8qT89AT/lWklpLON22Lc8pEtnpsZz7VmawabSU0gCjnj8aC0euHQ==",
      "license": "MIT",
      "peer": true,
      "engines": {
        "node": ">=0.10.0"
      }
    },
    "node_modules/react-dom": {
      "version": "19.2.4",
      "resolved": "https://registry.npmjs.org/react-dom/-/react-dom-19.2.4.tgz",
      "integrity": "sha512-AXJdLo8kgMbimY95O2aKQqsz2iWi9jMgKJhRBAxECE4IFxfcazB2LmzloIoibJI3C12IlY20+KFaLv+71bUJeQ==",
      "license": "MIT",
      "peer": true,
      "dependencies": {
        "scheduler": "^0.27.0"
      },
      "peerDependencies": {
        "react": "^19.2.4"
      }
    },
    "node_modules/remotion": {
      "version": "4.0.421",
      "resolved": "https://registry.npmjs.org/remotion/-/remotion-4.0.421.tgz",
      "integrity": "sha512-j64KtcwObNYpxskxBPd7zDXVOwSHxH31RIM6Vs/+rUj/NBry/LXc8cNWDwFC4fYaJweOAeM7zXY16kW/9t3X+w==",
      "license": "SEE LICENSE IN LICENSE.md",
      "peerDependencies": {
        "react": ">=16.8.0",
        "react-dom": ">=16.8.0"
      }
    },
    "node_modules/scheduler": {
      "version": "0.27.0",
      "resolved": "https://registry.npmjs.org/scheduler/-/scheduler-0.27.0.tgz",
      "integrity": "sha512-eNv+WrVbKu1f3vbYJT/xtiF5syA5HPIMtf9IgY/nKg0sWqzAUEvqY/xm7OcZc/qafLx/iO9FgOmeSAp4v5ti/Q==",
      "license": "MIT"
    }
  }
}
